
Microsoft Visual Studio Solution File, Format Version 12.00
# Visual Studio Version 16
VisualStudioVersion = 16.0.28803.202
MinimumVisualStudioVersion = 10.0.40219.1
Project("{FAE04EC0-301F-11D3-BF4B-00C04F79EFBC}") = "CoffeeMachine", "CoffeeMachine\CoffeeMachine.csproj", "{D17FE990-8CB9-4910-9796-4793D24D2F7B}"
EndProject
Project("{FAE04EC0-301F-11D3-BF4B-00C04F79EFBC}") = "CoffeeMachineTest", "CoffeeMachineTest\CoffeeMachineTest.csproj", "{ADCBD4AC-6648-4F1A-A892-807219027BC2}"
EndProject
Global
	GlobalSection(SolutionConfigurationPlatforms) = preSolution
		Debug|Any CPU = Debug|Any CPU
		Release|Any CPU = Release|Any CPU
	EndGlobalSection
	GlobalSection(ProjectConfigurationPlatforms) = postSolution
		{D17FE990-8CB9-4910-9796-4793D24D2F7B}.Debug|Any CPU.ActiveCfg = Debug|Any CPU
		{D17FE990-8CB9-4910-9796-4793D24D2F7B}.Debug|Any CPU.Build.0 = Debug|Any CPU
		{D17FE990-8CB9-4910-9796-4793D24D2F7B}.Release|Any CPU.ActiveCfg = Release|Any CPU
		{D17FE990-8CB9-4910-9796-4793D24D2F7B}.Release|Any CPU.Build.0 = Release|Any CPU
		{ADCBD4AC-6648-4F1A-A892-807219027BC2}.Debug|Any CPU.ActiveCfg = Debug|Any CPU
		{ADCBD4AC-6648-4F1A-A892-807219027BC2}.Debug|Any CPU.Build.0 = Debug|Any CPU
		{ADCBD4AC-6648-4F1A-A892-807219027BC2}.Release|Any CPU.ActiveCfg = Release|Any CPU
		{ADCBD4AC-6648-4F1A-A892-807219027BC2}.Release|Any CPU.Build.0 = Release|Any CPU
	EndGlobalSection
	GlobalSection(SolutionProperties) = preSolution
		HideSolutionNode = FALSE
	EndGlobalSection
	GlobalSection(ExtensibilityGlobals) = postSolution
		SolutionGuid = {BA31BF8C-5447-48DC-89C8-C41B21B6CE44}
	EndGlobalSection
EndGlobal
